
Microsoft Visual Studio Solution File, Format Version 12.00
# Visual Studio Version 17
VisualStudioVersion = 17.11.35327.3
MinimumVisualStudioVersion = 10.0.40219.1
Project("{FAE04EC0-301F-11D3-BF4B-00C04F79EFBC}") = "DailyLinesExtended", "DailyLinesExtended\DailyLinesExtended.csproj", "{AB94EF6E-4751-4F3F-9F72-25B76F55B7D5}"
EndProject
Project("{FAE04EC0-301F-11D3-BF4B-00C04F79EFBC}") = "SessionColorExtended", "SessionColorExtended\SessionColorExtended.csproj", "{7AC24E25-BF87-45D3-A339-E9ECCA67A074}"
EndProject
Project("{FAE04EC0-301F-11D3-BF4B-00C04F79EFBC}") = "RatiosExtended", "RatiosExtended\RatiosExtended.csproj", "{2088DDD0-4498-474F-B914-06D5DFE7D626}"
EndProject
Project("{FAE04EC0-301F-11D3-BF4B-00C04F79EFBC}") = "OpeningRange", "OpeningRange\OpeningRange.csproj", "{B59B5F61-CB2F-477C-9123-CAA59EBAE074}"
EndProject
Project("{FAE04EC0-301F-11D3-BF4B-00C04F79EFBC}") = "TimeFrameMarker", "TimeFrameMarker\TimeFrameMarker.csproj", "{2E0BFD90-231D-4B5A-9603-4E4FDF5ECEDB}"
EndProject
Project("{FAE04EC0-301F-11D3-BF4B-00C04F79EFBC}") = "SharedResources", "SharedResources\SharedResources.csproj", "{86128621-B741-432F-89C0-9B48362316F2}"
EndProject
Project("{FAE04EC0-301F-11D3-BF4B-00C04F79EFBC}") = "ChartingHotkeys", "ChartingHotkeys\ChartingHotkeys.csproj", "{3A9F6B97-54EF-4162-B2B4-F282750B668C}"
EndProject
Project("{FAE04EC0-301F-11D3-BF4B-00C04F79EFBC}") = "CrossTrading", "CrossTrading\CrossTrading.csproj", "{7AEEA5DB-CF4C-408C-A735-549F07BEB9C0}"
EndProject
Global
	GlobalSection(SolutionConfigurationPlatforms) = preSolution
		Debug|Any CPU = Debug|Any CPU
		Debug|x64 = Debug|x64
		Debug|x86 = Debug|x86
		Release|Any CPU = Release|Any CPU
		Release|x64 = Release|x64
		Release|x86 = Release|x86
	EndGlobalSection
	GlobalSection(ProjectConfigurationPlatforms) = postSolution
		{AB94EF6E-4751-4F3F-9F72-25B76F55B7D5}.Debug|Any CPU.ActiveCfg = Debug|Any CPU
		{AB94EF6E-4751-4F3F-9F72-25B76F55B7D5}.Debug|Any CPU.Build.0 = Debug|Any CPU
		{AB94EF6E-4751-4F3F-9F72-25B76F55B7D5}.Debug|x64.ActiveCfg = Debug|Any CPU
		{AB94EF6E-4751-4F3F-9F72-25B76F55B7D5}.Debug|x64.Build.0 = Debug|Any CPU
		{AB94EF6E-4751-4F3F-9F72-25B76F55B7D5}.Debug|x86.ActiveCfg = Debug|Any CPU
		{AB94EF6E-4751-4F3F-9F72-25B76F55B7D5}.Debug|x86.Build.0 = Debug|Any CPU
		{AB94EF6E-4751-4F3F-9F72-25B76F55B7D5}.Release|Any CPU.ActiveCfg = Release|Any CPU
		{AB94EF6E-4751-4F3F-9F72-25B76F55B7D5}.Release|Any CPU.Build.0 = Release|Any CPU
		{AB94EF6E-4751-4F3F-9F72-25B76F55B7D5}.Release|x64.ActiveCfg = Release|Any CPU
		{AB94EF6E-4751-4F3F-9F72-25B76F55B7D5}.Release|x64.Build.0 = Release|Any CPU
		{AB94EF6E-4751-4F3F-9F72-25B76F55B7D5}.Release|x86.ActiveCfg = Release|Any CPU
		{AB94EF6E-4751-4F3F-9F72-25B76F55B7D5}.Release|x86.Build.0 = Release|Any CPU
		{7AC24E25-BF87-45D3-A339-E9ECCA67A074}.Debug|Any CPU.ActiveCfg = Debug|Any CPU
		{7AC24E25-BF87-45D3-A339-E9ECCA67A074}.Debug|Any CPU.Build.0 = Debug|Any CPU
		{7AC24E25-BF87-45D3-A339-E9ECCA67A074}.Debug|x64.ActiveCfg = Debug|Any CPU
		{7AC24E25-BF87-45D3-A339-E9ECCA67A074}.Debug|x64.Build.0 = Debug|Any CPU
		{7AC24E25-BF87-45D3-A339-E9ECCA67A074}.Debug|x86.ActiveCfg = Debug|Any CPU
		{7AC24E25-BF87-45D3-A339-E9ECCA67A074}.Debug|x86.Build.0 = Debug|Any CPU
		{7AC24E25-BF87-45D3-A339-E9ECCA67A074}.Release|Any CPU.ActiveCfg = Release|Any CPU
		{7AC24E25-BF87-45D3-A339-E9ECCA67A074}.Release|Any CPU.Build.0 = Release|Any CPU
		{7AC24E25-BF87-45D3-A339-E9ECCA67A074}.Release|x64.ActiveCfg = Release|Any CPU
		{7AC24E25-BF87-45D3-A339-E9ECCA67A074}.Release|x64.Build.0 = Release|Any CPU
		{7AC24E25-BF87-45D3-A339-E9ECCA67A074}.Release|x86.ActiveCfg = Release|Any CPU
		{7AC24E25-BF87-45D3-A339-E9ECCA67A074}.Release|x86.Build.0 = Release|Any CPU
		{2088DDD0-4498-474F-B914-06D5DFE7D626}.Debug|Any CPU.ActiveCfg = Debug|Any CPU
		{2088DDD0-4498-474F-B914-06D5DFE7D626}.Debug|Any CPU.Build.0 = Debug|Any CPU
		{2088DDD0-4498-474F-B914-06D5DFE7D626}.Debug|x64.ActiveCfg = Debug|Any CPU
		{2088DDD0-4498-474F-B914-06D5DFE7D626}.Debug|x64.Build.0 = Debug|Any CPU
		{2088DDD0-4498-474F-B914-06D5DFE7D626}.Debug|x86.ActiveCfg = Debug|Any CPU
		{2088DDD0-4498-474F-B914-06D5DFE7D626}.Debug|x86.Build.0 = Debug|Any CPU
		{2088DDD0-4498-474F-B914-06D5DFE7D626}.Release|Any CPU.ActiveCfg = Release|Any CPU
		{2088DDD0-4498-474F-B914-06D5DFE7D626}.Release|Any CPU.Build.0 = Release|Any CPU
		{2088DDD0-4498-474F-B914-06D5DFE7D626}.Release|x64.ActiveCfg = Release|Any CPU
		{2088DDD0-4498-474F-B914-06D5DFE7D626}.Release|x64.Build.0 = Release|Any CPU
		{2088DDD0-4498-474F-B914-06D5DFE7D626}.Release|x86.ActiveCfg = Release|Any CPU
		{2088DDD0-4498-474F-B914-06D5DFE7D626}.Release|x86.Build.0 = Release|Any CPU
		{B59B5F61-CB2F-477C-9123-CAA59EBAE074}.Debug|Any CPU.ActiveCfg = Debug|Any CPU
		{B59B5F61-CB2F-477C-9123-CAA59EBAE074}.Debug|Any CPU.Build.0 = Debug|Any CPU
		{B59B5F61-CB2F-477C-9123-CAA59EBAE074}.Debug|x64.ActiveCfg = Debug|Any CPU
		{B59B5F61-CB2F-477C-9123-CAA59EBAE074}.Debug|x64.Build.0 = Debug|Any CPU
		{B59B5F61-CB2F-477C-9123-CAA59EBAE074}.Debug|x86.ActiveCfg = Debug|Any CPU
		{B59B5F61-CB2F-477C-9123-CAA59EBAE074}.Debug|x86.Build.0 = Debug|Any CPU
		{B59B5F61-CB2F-477C-9123-CAA59EBAE074}.Release|Any CPU.ActiveCfg = Release|Any CPU
		{B59B5F61-CB2F-477C-9123-CAA59EBAE074}.Release|Any CPU.Build.0 = Release|Any CPU
		{B59B5F61-CB2F-477C-9123-CAA59EBAE074}.Release|x64.ActiveCfg = Release|Any CPU
		{B59B5F61-CB2F-477C-9123-CAA59EBAE074}.Release|x64.Build.0 = Release|Any CPU
		{B59B5F61-CB2F-477C-9123-CAA59EBAE074}.Release|x86.ActiveCfg = Release|Any CPU
		{B59B5F61-CB2F-477C-9123-CAA59EBAE074}.Release|x86.Build.0 = Release|Any CPU
		{2E0BFD90-231D-4B5A-9603-4E4FDF5ECEDB}.Debug|Any CPU.ActiveCfg = Debug|Any CPU
		{2E0BFD90-231D-4B5A-9603-4E4FDF5ECEDB}.Debug|Any CPU.Build.0 = Debug|Any CPU
		{2E0BFD90-231D-4B5A-9603-4E4FDF5ECEDB}.Debug|x64.ActiveCfg = Debug|Any CPU
		{2E0BFD90-231D-4B5A-9603-4E4FDF5ECEDB}.Debug|x64.Build.0 = Debug|Any CPU
		{2E0BFD90-231D-4B5A-9603-4E4FDF5ECEDB}.Debug|x86.ActiveCfg = Debug|Any CPU
		{2E0BFD90-231D-4B5A-9603-4E4FDF5ECEDB}.Debug|x86.Build.0 = Debug|Any CPU
		{2E0BFD90-231D-4B5A-9603-4E4FDF5ECEDB}.Release|Any CPU.ActiveCfg = Release|Any CPU
		{2E0BFD90-231D-4B5A-9603-4E4FDF5ECEDB}.Release|Any CPU.Build.0 = Release|Any CPU
		{2E0BFD90-231D-4B5A-9603-4E4FDF5ECEDB}.Release|x64.ActiveCfg = Release|Any CPU
		{2E0BFD90-231D-4B5A-9603-4E4FDF5ECEDB}.Release|x64.Build.0 = Release|Any CPU
		{2E0BFD90-231D-4B5A-9603-4E4FDF5ECEDB}.Release|x86.ActiveCfg = Release|Any CPU
		{2E0BFD90-231D-4B5A-9603-4E4FDF5ECEDB}.Release|x86.Build.0 = Release|Any CPU
		{86128621-B741-432F-89C0-9B48362316F2}.Debug|Any CPU.ActiveCfg = Debug|Any CPU
		{86128621-B741-432F-89C0-9B48362316F2}.Debug|Any CPU.Build.0 = Debug|Any CPU
		{86128621-B741-432F-89C0-9B48362316F2}.Debug|x64.ActiveCfg = Debug|Any CPU
		{86128621-B741-432F-89C0-9B48362316F2}.Debug|x64.Build.0 = Debug|Any CPU
		{86128621-B741-432F-89C0-9B48362316F2}.Debug|x86.ActiveCfg = Debug|Any CPU
		{86128621-B741-432F-89C0-9B48362316F2}.Debug|x86.Build.0 = Debug|Any CPU
		{86128621-B741-432F-89C0-9B48362316F2}.Release|Any CPU.ActiveCfg = Release|Any CPU
		{86128621-B741-432F-89C0-9B48362316F2}.Release|Any CPU.Build.0 = Release|Any CPU
		{86128621-B741-432F-89C0-9B48362316F2}.Release|x64.ActiveCfg = Release|Any CPU
		{86128621-B741-432F-89C0-9B48362316F2}.Release|x64.Build.0 = Release|Any CPU
		{86128621-B741-432F-89C0-9B48362316F2}.Release|x86.ActiveCfg = Release|Any CPU
		{86128621-B741-432F-89C0-9B48362316F2}.Release|x86.Build.0 = Release|Any CPU
		{3A9F6B97-54EF-4162-B2B4-F282750B668C}.Debug|Any CPU.ActiveCfg = Debug|Any CPU
		{3A9F6B97-54EF-4162-B2B4-F282750B668C}.Debug|Any CPU.Build.0 = Debug|Any CPU
		{3A9F6B97-54EF-4162-B2B4-F282750B668C}.Debug|x64.ActiveCfg = Debug|Any CPU
		{3A9F6B97-54EF-4162-B2B4-F282750B668C}.Debug|x64.Build.0 = Debug|Any CPU
		{3A9F6B97-54EF-4162-B2B4-F282750B668C}.Debug|x86.ActiveCfg = Debug|Any CPU
		{3A9F6B97-54EF-4162-B2B4-F282750B668C}.Debug|x86.Build.0 = Debug|Any CPU
		{3A9F6B97-54EF-4162-B2B4-F282750B668C}.Release|Any CPU.ActiveCfg = Release|Any CPU
		{3A9F6B97-54EF-4162-B2B4-F282750B668C}.Release|Any CPU.Build.0 = Release|Any CPU
		{3A9F6B97-54EF-4162-B2B4-F282750B668C}.Release|x64.ActiveCfg = Release|Any CPU
		{3A9F6B97-54EF-4162-B2B4-F282750B668C}.Release|x64.Build.0 = Release|Any CPU
		{3A9F6B97-54EF-4162-B2B4-F282750B668C}.Release|x86.ActiveCfg = Release|Any CPU
		{3A9F6B97-54EF-4162-B2B4-F282750B668C}.Release|x86.Build.0 = Release|Any CPU
		{7AEEA5DB-CF4C-408C-A735-549F07BEB9C0}.Debug|Any CPU.ActiveCfg = Debug|Any CPU
		{7AEEA5DB-CF4C-408C-A735-549F07BEB9C0}.Debug|Any CPU.Build.0 = Debug|Any CPU
		{7AEEA5DB-CF4C-408C-A735-549F07BEB9C0}.Debug|x64.ActiveCfg = Debug|Any CPU
		{7AEEA5DB-CF4C-408C-A735-549F07BEB9C0}.Debug|x64.Build.0 = Debug|Any CPU
		{7AEEA5DB-CF4C-408C-A735-549F07BEB9C0}.Debug|x86.ActiveCfg = Debug|Any CPU
		{7AEEA5DB-CF4C-408C-A735-549F07BEB9C0}.Debug|x86.Build.0 = Debug|Any CPU
		{7AEEA5DB-CF4C-408C-A735-549F07BEB9C0}.Release|Any CPU.ActiveCfg = Release|Any CPU
		{7AEEA5DB-CF4C-408C-A735-549F07BEB9C0}.Release|Any CPU.Build.0 = Release|Any CPU
		{7AEEA5DB-CF4C-408C-A735-549F07BEB9C0}.Release|x64.ActiveCfg = Release|Any CPU
		{7AEEA5DB-CF4C-408C-A735-549F07BEB9C0}.Release|x64.Build.0 = Release|Any CPU
		{7AEEA5DB-CF4C-408C-A735-549F07BEB9C0}.Release|x86.ActiveCfg = Release|Any CPU
		{7AEEA5DB-CF4C-408C-A735-549F07BEB9C0}.Release|x86.Build.0 = Release|Any CPU
	EndGlobalSection
	GlobalSection(SolutionProperties) = preSolution
		HideSolutionNode = FALSE
	EndGlobalSection
	GlobalSection(ExtensibilityGlobals) = postSolution
		SolutionGuid = {C05FCA37-705E-4F75-894A-B669D1C5FD9A}
	EndGlobalSection
EndGlobal
